Microsoft Visual Studio Solution File, Format Version 12.00
# Visual Studio Version 17
VisualStudioVersion = 17.5.2.0
MinimumVisualStudioVersion = 10.0.40219.1
Project("{FAE04EC0-301F-11D3-BF4B-00C04F79EFBC}") = "TranslatorService", "TranslatorService.csproj", "{6EC58EC9-23B9-6023-021B-5F37F8E5CD0F}"
EndProject
Global
	GlobalSection(SolutionConfigurationPlatforms) = preSolution
		Debug|Any CPU = Debug|Any CPU
		Release|Any CPU = Release|Any CPU
	EndGlobalSection
	GlobalSection(ProjectConfigurationPlatforms) = postSolution
		{6EC58EC9-23B9-6023-021B-5F37F8E5CD0F}.Debug|Any CPU.ActiveCfg = Debug|Any CPU
		{6EC58EC9-23B9-6023-021B-5F37F8E5CD0F}.Debug|Any CPU.Build.0 = Debug|Any CPU
		{6EC58EC9-23B9-6023-021B-5F37F8E5CD0F}.Release|Any CPU.ActiveCfg = Release|Any CPU
		{6EC58EC9-23B9-6023-021B-5F37F8E5CD0F}.Release|Any CPU.Build.0 = Release|Any CPU
	EndGlobalSection
	GlobalSection(SolutionProperties) = preSolution
		HideSolutionNode = FALSE
	EndGlobalSection
	GlobalSection(ExtensibilityGlobals) = postSolution
		SolutionGuid = {28F37377-F238-4F3C-9ADE-A2DF63B3C5AA}
	EndGlobalSection
EndGlobal
